
Microsoft Visual Studio Solution File, Format Version 12.00
# Visual Studio Version 17
VisualStudioVersion = 17.3.32825.248
MinimumVisualStudioVersion = 10.0.40219.1
Project("{8BC9CEB8-8B4A-11D0-8D11-00A0C91BC942}") = "reference book", "reference book\reference book.vcxproj", "{2B3D8F4E-6C25-441A-B9B7-1E0EF4CFEF66}"
EndProject
Global
	GlobalSection(SolutionConfigurationPlatforms) = preSolution
		Debug|x64 = Debug|x64
		Debug|x86 = Debug|x86
		Release|x64 = Release|x64
		Release|x86 = Release|x86
	EndGlobalSection
	GlobalSection(ProjectConfigurationPlatforms) = postSolution
		{2B3D8F4E-6C25-441A-B9B7-1E0EF4CFEF66}.Debug|x64.ActiveCfg = Debug|x64
		{2B3D8F4E-6C25-441A-B9B7-1E0EF4CFEF66}.Debug|x64.Build.0 = Debug|x64
		{2B3D8F4E-6C25-441A-B9B7-1E0EF4CFEF66}.Debug|x86.ActiveCfg = Debug|Win32
		{2B3D8F4E-6C25-441A-B9B7-1E0EF4CFEF66}.Debug|x86.Build.0 = Debug|Win32
		{2B3D8F4E-6C25-441A-B9B7-1E0EF4CFEF66}.Release|x64.ActiveCfg = Release|x64
		{2B3D8F4E-6C25-441A-B9B7-1E0EF4CFEF66}.Release|x64.Build.0 = Release|x64
		{2B3D8F4E-6C25-441A-B9B7-1E0EF4CFEF66}.Release|x86.ActiveCfg = Release|Win32
		{2B3D8F4E-6C25-441A-B9B7-1E0EF4CFEF66}.Release|x86.Build.0 = Release|Win32
	EndGlobalSection
	GlobalSection(SolutionProperties) = preSolution
		HideSolutionNode = FALSE
	EndGlobalSection
	GlobalSection(ExtensibilityGlobals) = postSolution
		SolutionGuid = {90C65971-9A83-4DF2-BE92-685CF41BC7A9}
	EndGlobalSection
EndGlobal
